
Microsoft Visual Studio Solution File, Format Version 12.00
# Visual Studio 14
VisualStudioVersion = 14.0.24720.0
MinimumVisualStudioVersion = 10.0.40219.1
Project("{FAE04EC0-301F-11D3-BF4B-00C04F79EFBC}") = "MvcApplication1", "MvcApplication1\MvcApplication1.csproj", "{5B879FB2-AE5A-4C9D-8EAB-7DB7A543DC46}"
EndProject
Project("{FAE04EC0-301F-11D3-BF4B-00C04F79EFBC}") = "CinemaGad.Business", "CinemaGad.Business\CinemaGad.Business.csproj", "{9098D0A6-E151-4F38-9076-E58B20B2BB31}"
EndProject
Project("{FAE04EC0-301F-11D3-BF4B-00C04F79EFBC}") = "CinemaGad.Data", "CinemaGad.Data\CinemaGad.Data.csproj", "{D47924DD-C978-42F8-B071-0E628631C025}"
EndProject
Global
	GlobalSection(SolutionConfigurationPlatforms) = preSolution
		Debug|Any CPU = Debug|Any CPU
		Release|Any CPU = Release|Any CPU
	EndGlobalSection
	GlobalSection(ProjectConfigurationPlatforms) = postSolution
		{5B879FB2-AE5A-4C9D-8EAB-7DB7A543DC46}.Debug|Any CPU.ActiveCfg = Debug|Any CPU
		{5B879FB2-AE5A-4C9D-8EAB-7DB7A543DC46}.Debug|Any CPU.Build.0 = Debug|Any CPU
		{5B879FB2-AE5A-4C9D-8EAB-7DB7A543DC46}.Release|Any CPU.ActiveCfg = Release|Any CPU
		{5B879FB2-AE5A-4C9D-8EAB-7DB7A543DC46}.Release|Any CPU.Build.0 = Release|Any CPU
		{9098D0A6-E151-4F38-9076-E58B20B2BB31}.Debug|Any CPU.ActiveCfg = Debug|Any CPU
		{9098D0A6-E151-4F38-9076-E58B20B2BB31}.Debug|Any CPU.Build.0 = Debug|Any CPU
		{9098D0A6-E151-4F38-9076-E58B20B2BB31}.Release|Any CPU.ActiveCfg = Release|Any CPU
		{9098D0A6-E151-4F38-9076-E58B20B2BB31}.Release|Any CPU.Build.0 = Release|Any CPU
		{D47924DD-C978-42F8-B071-0E628631C025}.Debug|Any CPU.ActiveCfg = Debug|Any CPU
		{D47924DD-C978-42F8-B071-0E628631C025}.Debug|Any CPU.Build.0 = Debug|Any CPU
		{D47924DD-C978-42F8-B071-0E628631C025}.Release|Any CPU.ActiveCfg = Release|Any CPU
		{D47924DD-C978-42F8-B071-0E628631C025}.Release|Any CPU.Build.0 = Release|Any CPU
	EndGlobalSection
	GlobalSection(SolutionProperties) = preSolution
		HideSolutionNode = FALSE
	EndGlobalSection
EndGlobal
